
Microsoft Visual Studio Solution File, Format Version 12.00
# Visual Studio Version 17
VisualStudioVersion = 17.4.33213.308
MinimumVisualStudioVersion = 10.0.40219.1
Project("{FAE04EC0-301F-11D3-BF4B-00C04F79EFBC}") = "CRM", "CRM\CRM.csproj", "{603D3A5D-D25E-4B74-9F2D-EB4DB2E743D1}"
EndProject
Global
	GlobalSection(SolutionConfigurationPlatforms) = preSolution
		Debug|Any CPU = Debug|Any CPU
		Release|Any CPU = Release|Any CPU
	EndGlobalSection
	GlobalSection(ProjectConfigurationPlatforms) = postSolution
		{603D3A5D-D25E-4B74-9F2D-EB4DB2E743D1}.Debug|Any CPU.ActiveCfg = Debug|Any CPU
		{603D3A5D-D25E-4B74-9F2D-EB4DB2E743D1}.Debug|Any CPU.Build.0 = Debug|Any CPU
		{603D3A5D-D25E-4B74-9F2D-EB4DB2E743D1}.Release|Any CPU.ActiveCfg = Release|Any CPU
		{603D3A5D-D25E-4B74-9F2D-EB4DB2E743D1}.Release|Any CPU.Build.0 = Release|Any CPU
	EndGlobalSection
	GlobalSection(SolutionProperties) = preSolution
		HideSolutionNode = FALSE
	EndGlobalSection
	GlobalSection(ExtensibilityGlobals) = postSolution
		SolutionGuid = {AD4C7DA2-9159-4F22-BFE0-BE730EF3EFF2}
	EndGlobalSection
EndGlobal
